
Microsoft Visual Studio Solution File, Format Version 12.00
# Visual Studio 15
VisualStudioVersion = 15.0.26730.12
MinimumVisualStudioVersion = 10.0.40219.1
Project("{FAE04EC0-301F-11D3-BF4B-00C04F79EFBC}") = "Use of Lists 1", "Use of Lists 1\Use of Lists 1.csproj", "{477AE6A6-9AF0-4F36-9312-000BC0CB97FB}"
EndProject
Global
	GlobalSection(SolutionConfigurationPlatforms) = preSolution
		Debug|Any CPU = Debug|Any CPU
		Release|Any CPU = Release|Any CPU
	EndGlobalSection
	GlobalSection(ProjectConfigurationPlatforms) = postSolution
		{477AE6A6-9AF0-4F36-9312-000BC0CB97FB}.Debug|Any CPU.ActiveCfg = Debug|Any CPU
		{477AE6A6-9AF0-4F36-9312-000BC0CB97FB}.Debug|Any CPU.Build.0 = Debug|Any CPU
		{477AE6A6-9AF0-4F36-9312-000BC0CB97FB}.Release|Any CPU.ActiveCfg = Release|Any CPU
		{477AE6A6-9AF0-4F36-9312-000BC0CB97FB}.Release|Any CPU.Build.0 = Release|Any CPU
	EndGlobalSection
	GlobalSection(SolutionProperties) = preSolution
		HideSolutionNode = FALSE
	EndGlobalSection
	GlobalSection(ExtensibilityGlobals) = postSolution
		SolutionGuid = {05DFC00A-5DFF-40C1-8DAC-B1927D3318A8}
	EndGlobalSection
EndGlobal
